// !$*UTF8*$!
{
	archiveVersion = 1;
	classes = {
	};
	objectVersion = 50;
	objects = {

/* Begin PBXBuildFile section */
		5AD10EB8253B34AA006BBDBB /* AppDelegate.swift in Sources */ = {isa = PBXBuildFile; fileRef = 5AD10EB7253B34AA006BBDBB /* AppDelegate.swift */; };
		5AD10EBA253B34AA006BBDBB /* SceneDelegate.swift in Sources */ = {isa = PBXBuildFile; fileRef = 5AD10EB9253B34AA006BBDBB /* SceneDelegate.swift */; };
		5AD10EBC253B34AA006BBDBB /* ViewController.swift in Sources */ = {isa = PBXBuildFile; fileRef = 5AD10EBB253B34AA006BBDBB /* ViewController.swift */; };
		5AD10EBF253B34AA006BBDBB /* Main.storyboard in Resources */ = {isa = PBXBuildFile; fileRef = 5AD10EBD253B34AA006BBDBB /* Main.storyboard */; };
		5AD10EC1253B34BD006BBDBB /* Assets.xcassets in Resources */ = {isa = PBXBuildFile; fileRef = 5AD10EC0253B34BD006BBDBB /* Assets.xcassets */; };
		5AD10EC4253B34BD006BBDBB /* LaunchScreen.storyboard in Resources */ = {isa = PBXBuildFile; fileRef = 5AD10EC2253B34BD006BBDBB /* LaunchScreen.storyboard */; };
		5AD10ECD253B5484006BBDBB /* APOD.swift in Sources */ = {isa = PBXBuildFile; fileRef = 5AD10ECC253B5484006BBDBB /* APOD.swift */; };
		5AD10ECF253B582C006BBDBB /* DetailTableViewController.swift in Sources */ = {isa = PBXBuildFile; fileRef = 5AD10ECE253B582C006BBDBB /* DetailTableViewController.swift */; };
		5AD10ED1253B589C006BBDBB /* APODTableViewCell.swift in Sources */ = {isa = PBXBuildFile; fileRef = 5AD10ED0253B589C006BBDBB /* APODTableViewCell.swift */; };
		5AD10ED5253C38C1006BBDBB /* ExtensionOfUIImageView.swift in Sources */ = {isa = PBXBuildFile; fileRef = 5AD10ED4253C38C1006BBDBB /* ExtensionOfUIImageView.swift */; };
/* End PBXBuildFile section */

/* Begin PBXFileReference section */
		5AD10EB4253B34AA006BBDBB /* Assignment.app */ = {isa = PBXFileReference; explicitFileType = wrapper.application; includeInIndex = 0; path = Assignment.app; sourceTree = BUILT_PRODUCTS_DIR; };
		5AD10EB7253B34AA006BBDBB /* AppDelegate.swift */ = {isa = PBXFileReference; lastKnownFileType = sourcecode.swift; path = AppDelegate.swift; sourceTree = "<group>"; };
		5AD10EB9253B34AA006BBDBB /* SceneDelegate.swift */ = {isa = PBXFileReference; lastKnownFileType = sourcecode.swift; path = SceneDelegate.swift; sourceTree = "<group>"; };
		5AD10EBB253B34AA006BBDBB /* ViewController.swift */ = {isa = PBXFileReference; lastKnownFileType = sourcecode.swift; path = ViewController.swift; sourceTree = "<group>"; };
		5AD10EBE253B34AA006BBDBB /* Base */ = {isa = PBXFileReference; lastKnownFileType = file.storyboard; name = Base; path = Base.lproj/Main.storyboard; sourceTree = "<group>"; };
		5AD10EC0253B34BD006BBDBB /* Assets.xcassets */ = {isa = PBXFileReference; lastKnownFileType = folder.assetcatalog; path = Assets.xcassets; sourceTree = "<group>"; };
		5AD10EC3253B34BD006BBDBB /* Base */ = {isa = PBXFileReference; lastKnownFileType = file.storyboard; name = Base; path = Base.lproj/LaunchScreen.storyboard; sourceTree = "<group>"; };
		5AD10EC5253B34BD006BBDBB /* Info.plist */ = {isa = PBXFileReference; lastKnownFileType = text.plist.xml; path = Info.plist; sourceTree = "<group>"; };
		5AD10ECC253B5484006BBDBB /* APOD.swift */ = {isa = PBXFileReference; lastKnownFileType = sourcecode.swift; path = APOD.swift; sourceTree = "<group>"; };
		5AD10ECE253B582C006BBDBB /* DetailTableViewController.swift */ = {isa = PBXFileReference; lastKnownFileType = sourcecode.swift; path = DetailTableViewController.swift; sourceTree = "<group>"; };
		5AD10ED0253B589C006BBDBB /* APODTableViewCell.swift */ = {isa = PBXFileReference; lastKnownFileType = sourcecode.swift; path = APODTableViewCell.swift; sourceTree = "<group>"; };
		5AD10ED4253C38C1006BBDBB /* ExtensionOfUIImageView.swift */ = {isa = PBXFileReference; lastKnownFileType = sourcecode.swift; path = ExtensionOfUIImageView.swift; sourceTree = "<group>"; };
/* End PBXFileReference section */

/* Begin PBXFrameworksBuildPhase section */
		5AD10EB1253B34AA006BBDBB /* Frameworks */ = {
			isa = PBXFrameworksBuildPhase;
			buildActionMask = 2147483647;
			files = (
			);
			runOnlyForDeploymentPostprocessing = 0;
		};
/* End PBXFrameworksBuildPhase section */

/* Begin PBXGroup section */
		5AD10EAB253B34A9006BBDBB = {
			isa = PBXGroup;
			children = (
				5AD10EB6253B34AA006BBDBB /* Assignment */,
				5AD10EB5253B34AA006BBDBB /* Products */,
			);
			sourceTree = "<group>";
		};
		5AD10EB5253B34AA006BBDBB /* Products */ = {
			isa = PBXGroup;
			children = (
				5AD10EB4253B34AA006BBDBB /* Assignment.app */,
			);
			name = Products;
			sourceTree = "<group>";
		};
		5AD10EB6253B34AA006BBDBB /* Assignment */ = {
			isa = PBXGroup;
			children = (
				5AD10EB7253B34AA006BBDBB /* AppDelegate.swift */,
				5AD10EB9253B34AA006BBDBB /* SceneDelegate.swift */,
				5AD10ED2253C37D9006BBDBB /* View Controllers */,
				5AD10ECB253B5451006BBDBB /* Model */,
				5AD10ED3253C387F006BBDBB /* Views */,
				5AD10EBD253B34AA006BBDBB /* Main.storyboard */,
				5AD10EC0253B34BD006BBDBB /* Assets.xcassets */,
				5AD10EC2253B34BD006BBDBB /* LaunchScreen.storyboard */,
				5AD10EC5253B34BD006BBDBB /* Info.plist */,
				5AD10ED4253C38C1006BBDBB /* ExtensionOfUIImageView.swift */,
			);
			path = Assignment;
			sourceTree = "<group>";
		};
		5AD10ECB253B5451006BBDBB /* Model */ = {
			isa = PBXGroup;
			children = (
				5AD10ECC253B5484006BBDBB /* APOD.swift */,
			);
			path = Model;
			sourceTree = "<group>";
		};
		5AD10ED2253C37D9006BBDBB /* View Controllers */ = {
			isa = PBXGroup;
			children = (
				5AD10EBB253B34AA006BBDBB /* ViewController.swift */,
				5AD10ECE253B582C006BBDBB /* DetailTableViewController.swift */,
			);
			path = "View Controllers";
			sourceTree = "<group>";
		};
		5AD10ED3253C387F006BBDBB /* Views */ = {
			isa = PBXGroup;
			children = (
				5AD10ED0253B589C006BBDBB /* APODTableViewCell.swift */,
			);
			path = Views;
			sourceTree = "<group>";
		};
/* End PBXGroup section */

/* Begin PBXNativeTarget section */
		5AD10EB3253B34AA006BBDBB /* Assignment */ = {
			isa = PBXNativeTarget;
			buildConfigurationList = 5AD10EC8253B34BD006BBDBB /* Build configuration list for PBXNativeTarget "Assignment" */;
			buildPhases = (
				5AD10EB0253B34AA006BBDBB /* Sources */,
				5AD10EB1253B34AA006BBDBB /* Frameworks */,
				5AD10EB2253B34AA006BBDBB /* Resources */,
			);
			buildRules = (
			);
			dependencies = (
			);
			name = Assignment;
			productName = Assignment;
			productReference = 5AD10EB4253B34AA006BBDBB /* Assignment.app */;
			productType = "com.apple.product-type.application";
		};
/* End PBXNativeTarget section */

/* Begin PBXProject section */
		5AD10EAC253B34A9006BBDBB /* Project object */ = {
			isa = PBXProject;
			attributes = {
				LastSwiftUpdateCheck = 1130;
				LastUpgradeCheck = 1130;
				ORGANIZATIONNAME = NuthanRaju;
				TargetAttributes = {
					5AD10EB3253B34AA006BBDBB = {
						CreatedOnToolsVersion = 11.3;
					};
				};
			};
			buildConfigurationList = 5AD10EAF253B34AA006BBDBB /* Build configuration list for PBXProject "Assignment" */;
			compatibilityVersion = "Xcode 9.3";
			developmentRegion = en;
			hasScannedForEncodings = 0;
			knownRegions = (
				en,
				Base,
			);
			mainGroup = 5AD10EAB253B34A9006BBDBB;
			productRefGroup = 5AD10EB5253B34AA006BBDBB /* Products */;
			projectDirPath = "";
			projectRoot = "";
			targets = (
				5AD10EB3253B34AA006BBDBB /* Assignment */,
			);
		};
/* End PBXProject section */

/* Begin PBXResourcesBuildPhase section */
		5AD10EB2253B34AA006BBDBB /* Resources */ = {
			isa = PBXResourcesBuildPhase;
			buildActionMask = 2147483647;
			files = (
				5AD10EC4253B34BD006BBDBB /* LaunchScreen.storyboard in Resources */,
				5AD10EC1253B34BD006BBDBB /* Assets.xcassets in Resources */,
				5AD10EBF253B34AA006BBDBB /* Main.storyboard in Resources */,
			);
			runOnlyForDeploymentPostprocessing = 0;
		};
/* End PBXResourcesBuildPhase section */

/* Begin PBXSourcesBuildPhase section */
		5AD10EB0253B34AA006BBDBB /* Sources */ = {
			isa = PBXSourcesBuildPhase;
			buildActionMask = 2147483647;
			files = (
				5AD10EBC253B34AA006BBDBB /* ViewController.swift in Sources */,
				5AD10ECF253B582C006BBDBB /* DetailTableViewController.swift in Sources */,
				5AD10ECD253B5484006BBDBB /* APOD.swift in Sources */,
				5AD10ED5253C38C1006BBDBB /* ExtensionOfUIImageView.swift in Sources */,
				5AD10EB8253B34AA006BBDBB /* AppDelegate.swift in Sources */,
				5AD10EBA253B34AA006BBDBB /* SceneDelegate.swift in Sources */,
				5AD10ED1253B589C006BBDBB /* APODTableViewCell.swift in Sources */,
			);
			runOnlyForDeploymentPostprocessing = 0;
		};
/* End PBXSourcesBuildPhase section */

/* Begin PBXVariantGroup section */
		5AD10EBD253B34AA006BBDBB /* Main.storyboard */ = {
			isa = PBXVariantGroup;
			children = (
				5AD10EBE253B34AA006BBDBB /* Base */,
			);
			name = Main.storyboard;
			sourceTree = "<group>";
		};
		5AD10EC2253B34BD006BBDBB /* LaunchScreen.storyboard */ = {
			isa = PBXVariantGroup;
			children = (
				5AD10EC3253B34BD006BBDBB /* Base */,
			);
			name = LaunchScreen.storyboard;
			sourceTree = "<group>";
		};
/* End PBXVariantGroup section */

/* Begin XCBuildConfiguration section */
		5AD10EC6253B34BD006BBDBB /* Debug */ = {
			isa = XCBuildConfiguration;
			buildSettings = {
				ALWAYS_SEARCH_USER_PATHS = NO;
				CLANG_ANALYZER_NONNULL = YES;
				CLANG_ANALYZER_NUMBER_OBJECT_CONVERSION = YES_AGGRESSIVE;
				CLANG_CXX_LANGUAGE_STANDARD = "gnu++14";
				CLANG_CXX_LIBRARY = "libc++";
				CLANG_ENABLE_MODULES = YES;
				CLANG_ENABLE_OBJC_ARC = YES;
				CLANG_ENABLE_OBJC_WEAK = YES;
				CLANG_WARN_BLOCK_CAPTURE_AUTORELEASING = YES;
				CLANG_WARN_BOOL_CONVERSION = YES;
				CLANG_WARN_COMMA = YES;
				CLANG_WARN_CONSTANT_CONVERSION = YES;
				CLANG_WARN_DEPRECATED_OBJC_IMPLEMENTATIONS = YES;
				CLANG_WARN_DIRECT_OBJC_ISA_USAGE = YES_ERROR;
				CLANG_WARN_DOCUMENTATION_COMMENTS = YES;
				CLANG_WARN_EMPTY_BODY = YES;
				CLANG_WARN_ENUM_CONVERSION = YES;
				CLANG_WARN_INFINITE_RECURSION = YES;
				CLANG_WARN_INT_CONVERSION = YES;
				CLANG_WARN_NON_LITERAL_NULL_CONVERSION = YES;
				CLANG_WARN_OBJC_IMPLICIT_RETAIN_SELF = YES;
				CLANG_WARN_OBJC_LITERAL_CONVERSION = YES;
				CLANG_WARN_OBJC_ROOT_CLASS = YES_ERROR;
				CLANG_WARN_RANGE_LOOP_ANALYSIS = YES;
				CLANG_WARN_STRICT_PROTOTYPES = YES;
				CLANG_WARN_SUSPICIOUS_MOVE = YES;
				CLANG_WARN_UNGUARDED_AVAILABILITY = YES_AGGRESSIVE;
				CLANG_WARN_UNREACHABLE_CODE = YES;
				CLANG_WARN__DUPLICATE_METHOD_MATCH = YES;
				COPY_PHASE_STRIP = NO;
				DEBUG_INFORMATION_FORMAT = dwarf;
				ENABLE_STRICT_OBJC_MSGSEND = YES;
				ENABLE_TESTABILITY = YES;
				GCC_C_LANGUAGE_STANDARD = gnu11;
				GCC_DYNAMIC_NO_PIC = NO;
				GCC_NO_COMMON_BLOCKS = YES;
				GCC_OPTIMIZATION_LEVEL = 0;
				GCC_PREPROCESSOR_DEFINITIONS = (
					"DEBUG=1",
					"$(inherited)",
				);
				GCC_WARN_64_TO_32_BIT_CONVERSION = YES;
				GCC_WARN_ABOUT_RETURN_TYPE = YES_ERROR;
				GCC_WARN_UNDECLARED_SELECTOR = YES;
				GCC_WARN_UNINITIALIZED_AUTOS = YES_AGGRESSIVE;
				GCC_WARN_UNUSED_FUNCTION = YES;
				GCC_WARN_UNUSED_VARIABLE = YES;
				IPHONEOS_DEPLOYMENT_TARGET = 13.2;
				MTL_ENABLE_DEBUG_INFO = INCLUDE_SOURCE;
				MTL_FAST_MATH = YES;
				ONLY_ACTIVE_ARCH = YES;
				SDKROOT = iphoneos;
				SWIFT_ACTIVE_COMPILATION_CONDITIONS = DEBUG;
				SWIFT_OPTIMIZATION_LEVEL = "-Onone";
			};
			name = Debug;
		};
		5AD10EC7253B34BD006BBDBB /* Release */ = {
			isa = XCBuildConfiguration;
			buildSettings = {
				ALWAYS_SEARCH_USER_PATHS = NO;
				CLANG_ANALYZER_NONNULL = YES;
				CLANG_ANALYZER_NUMBER_OBJECT_CONVERSION = YES_AGGRESSIVE;
				CLANG_CXX_LANGUAGE_STANDARD = "gnu++14";
				CLANG_CXX_LIBRARY = "libc++";
				CLANG_ENABLE_MODULES = YES;
				CLANG_ENABLE_OBJC_ARC = YES;
				CLANG_ENABLE_OBJC_WEAK = YES;
				CLANG_WARN_BLOCK_CAPTURE_AUTORELEASING = YES;
				CLANG_WARN_BOOL_CONVERSION = YES;
				CLANG_WARN_COMMA = YES;
				CLANG_WARN_CONSTANT_CONVERSION = YES;
				CLANG_WARN_DEPRECATED_OBJC_IMPLEMENTATIONS = YES;
				CLANG_WARN_DIRECT_OBJC_ISA_USAGE = YES_ERROR;
				CLANG_WARN_DOCUMENTATION_COMMENTS = YES;
				CLANG_WARN_EMPTY_BODY = YES;
				CLANG_WARN_ENUM_CONVERSION = YES;
				CLANG_WARN_INFINITE_RECURSION = YES;
				CLANG_WARN_INT_CONVERSION = YES;
				CLANG_WARN_NON_LITERAL_NULL_CONVERSION = YES;
				CLANG_WARN_OBJC_IMPLICIT_RETAIN_SELF = YES;
				CLANG_WARN_OBJC_LITERAL_CONVERSION = YES;
				CLANG_WARN_OBJC_ROOT_CLASS = YES_ERROR;
				CLANG_WARN_RANGE_LOOP_ANALYSIS = YES;
				CLANG_WARN_STRICT_PROTOTYPES = YES;
				CLANG_WARN_SUSPICIOUS_MOVE = YES;
				CLANG_WARN_UNGUARDED_AVAILABILITY = YES_AGGRESSIVE;
				CLANG_WARN_UNREACHABLE_CODE = YES;
				CLANG_WARN__DUPLICATE_METHOD_MATCH = YES;
				COPY_PHASE_STRIP = NO;
				DEBUG_INFORMATION_FORMAT = "dwarf-with-dsym";
				ENABLE_NS_ASSERTIONS = NO;
				ENABLE_STRICT_OBJC_MSGSEND = YES;
				GCC_C_LANGUAGE_STANDARD = gnu11;
				GCC_NO_COMMON_BLOCKS = YES;
				GCC_WARN_64_TO_32_BIT_CONVERSION = YES;
				GCC_WARN_ABOUT_RETURN_TYPE = YES_ERROR;
				GCC_WARN_UNDECLARED_SELECTOR = YES;
				GCC_WARN_UNINITIALIZED_AUTOS = YES_AGGRESSIVE;
				GCC_WARN_UNUSED_FUNCTION = YES;
				GCC_WARN_UNUSED_VARIABLE = YES;
				IPHONEOS_DEPLOYMENT_TARGET = 13.2;
				MTL_ENABLE_DEBUG_INFO = NO;
				MTL_FAST_MATH = YES;
				SDKROOT = iphoneos;
				SWIFT_COMPILATION_MODE = wholemodule;
				SWIFT_OPTIMIZATION_LEVEL = "-O";
				VALIDATE_PRODUCT = YES;
			};
			name = Release;
		};
		5AD10EC9253B34BD006BBDBB /* Debug */ = {
			isa = XCBuildConfiguration;
			buildSettings = {
				ASSETCATALOG_COMPILER_APPICON_NAME = AppIcon;
				CODE_SIGN_STYLE = Automatic;
				INFOPLIST_FILE = Assignment/Info.plist;
				LD_RUNPATH_SEARCH_PATHS = (
					"$(inherited)",
					"@executable_path/Frameworks",
				);
				PRODUCT_BUNDLE_IDENTIFIER = NuthanRaju.Assignment;
				PRODUCT_NAME = "$(TARGET_NAME)";
				SWIFT_VERSION = 5.0;
				TARGETED_DEVICE_FAMILY = "1,2";
			};
			name = Debug;
		};
		5AD10ECA253B34BD006BBDBB /* Release */ = {
			isa = XCBuildConfiguration;
			buildSettings = {
				ASSETCATALOG_COMPILER_APPICON_NAME = AppIcon;
				CODE_SIGN_STYLE = Automatic;
				INFOPLIST_FILE = Assignment/Info.plist;
				LD_RUNPATH_SEARCH_PATHS = (
					"$(inherited)",
					"@executable_path/Frameworks",
				);
				PRODUCT_BUNDLE_IDENTIFIER = NuthanRaju.Assignment;
				PRODUCT_NAME = "$(TARGET_NAME)";
				SWIFT_VERSION = 5.0;
				TARGETED_DEVICE_FAMILY = "1,2";
			};
			name = Release;
		};
/* End XCBuildConfiguration section */

/* Begin XCConfigurationList section */
		5AD10EAF253B34AA006BBDBB /* Build configuration list for PBXProject "Assignment" */ = {
			isa = XCConfigurationList;
			buildConfigurations = (
				5AD10EC6253B34BD006BBDBB /* Debug */,
				5AD10EC7253B34BD006BBDBB /* Release */,
			);
			defaultConfigurationIsVisible = 0;
			defaultConfigurationName = Release;
		};
		5AD10EC8253B34BD006BBDBB /* Build configuration list for PBXNativeTarget "Assignment" */ = {
			isa = XCConfigurationList;
			buildConfigurations = (
				5AD10EC9253B34BD006BBDBB /* Debug */,
				5AD10ECA253B34BD006BBDBB /* Release */,
			);
			defaultConfigurationIsVisible = 0;
			defaultConfigurationName = Release;
		};
/* End XCConfigurationList section */
	};
	rootObject = 5AD10EAC253B34A9006BBDBB /* Project object */;
}
